
Microsoft Visual Studio Solution File, Format Version 12.00
# Visual Studio Version 17
VisualStudioVersion = 17.4.33213.308
MinimumVisualStudioVersion = 10.0.40219.1
Project("{FAE04EC0-301F-11D3-BF4B-00C04F79EFBC}") = "RepositoryPattern", "RepositoryPattern\RepositoryPattern.csproj", "{AA89096E-2311-4C51-AE3E-08D06B287796}"
EndProject
Global
	GlobalSection(SolutionConfigurationPlatforms) = preSolution
		Debug|Any CPU = Debug|Any CPU
		Release|Any CPU = Release|Any CPU
	EndGlobalSection
	GlobalSection(ProjectConfigurationPlatforms) = postSolution
		{AA89096E-2311-4C51-AE3E-08D06B287796}.Debug|Any CPU.ActiveCfg = Debug|Any CPU
		{AA89096E-2311-4C51-AE3E-08D06B287796}.Debug|Any CPU.Build.0 = Debug|Any CPU
		{AA89096E-2311-4C51-AE3E-08D06B287796}.Release|Any CPU.ActiveCfg = Release|Any CPU
		{AA89096E-2311-4C51-AE3E-08D06B287796}.Release|Any CPU.Build.0 = Release|Any CPU
	EndGlobalSection
	GlobalSection(SolutionProperties) = preSolution
		HideSolutionNode = FALSE
	EndGlobalSection
	GlobalSection(ExtensibilityGlobals) = postSolution
		SolutionGuid = {E00DEA47-BFC4-4EB8-B417-2E1788593A40}
	EndGlobalSection
EndGlobal
